
Microsoft Visual Studio Solution File, Format Version 12.00
# Visual Studio Version 16
VisualStudioVersion = 16.0.30804.86
MinimumVisualStudioVersion = 10.0.40219.1
Project("{FAE04EC0-301F-11D3-BF4B-00C04F79EFBC}") = "WindowsFormsApp8", "WindowsFormsApp8\WindowsFormsApp8.csproj", "{3922C62A-2493-42D5-9ACC-437F4B4C19C5}"
EndProject
Global
	GlobalSection(SolutionConfigurationPlatforms) = preSolution
		Debug|Any CPU = Debug|Any CPU
		Release|Any CPU = Release|Any CPU
	EndGlobalSection
	GlobalSection(ProjectConfigurationPlatforms) = postSolution
		{3922C62A-2493-42D5-9ACC-437F4B4C19C5}.Debug|Any CPU.ActiveCfg = Debug|Any CPU
		{3922C62A-2493-42D5-9ACC-437F4B4C19C5}.Debug|Any CPU.Build.0 = Debug|Any CPU
		{3922C62A-2493-42D5-9ACC-437F4B4C19C5}.Release|Any CPU.ActiveCfg = Release|Any CPU
		{3922C62A-2493-42D5-9ACC-437F4B4C19C5}.Release|Any CPU.Build.0 = Release|Any CPU
	EndGlobalSection
	GlobalSection(SolutionProperties) = preSolution
		HideSolutionNode = FALSE
	EndGlobalSection
	GlobalSection(ExtensibilityGlobals) = postSolution
		SolutionGuid = {F69AE916-A702-441E-9664-1A1B4F246517}
	EndGlobalSection
EndGlobal
